[root]
name = "rust-gb"
version = "0.1.0"
dependencies = [
 "bit_range 0.1.0 (registry+https://github.com/rust-lang/crates.io-index)",
 "byteorder 0.4.2 (registry+https://github.com/rust-lang/crates.io-index)",
 "monster 0.1.18 (registry+https://github.com/rust-lang/crates.io-index)",
]

[[package]]
name = "bit_range"
version = "0.1.0"
source = "registry+https://github.com/rust-lang/crates.io-index"

[[package]]
name = "byteorder"
version = "0.4.2"
source = "registry+https://github.com/rust-lang/crates.io-index"

[[package]]
name = "monster"
version = "0.1.18"
source = "registry+https://github.com/rust-lang/crates.io-index"

